<?xml version="1.0" encoding="utf-8"?>
<Project ToolsVersion="4.0" xmlns="http://schemas.microsoft.com/developer/msbuild/2003">
  <ItemGroup>
    <Filter Include="源文件">
      <UniqueIdentifier>{4FC737F1-C7A5-4376-A066-2A32D752A2FF}</UniqueIdentifier>
      <Extensions>cpp;c;cc;cxx;def;odl;idl;hpj;bat;asm;asmx</Extensions>
    </Filter>
    <Filter Include="头文件">
      <UniqueIdentifier>{93995380-89BD-4b04-88EB-625FBE52EBFB}</UniqueIdentifier>
      <Extensions>h;hpp;hxx;hm;inl;inc;xsd</Extensions>
    </Filter>
    <Filter Include="资源文件">
      <UniqueIdentifier>{67DA6AB6-F800-4c08-8B7A-83BB121AAD01}</UniqueIdentifier>
      <Extensions>rc;ico;cur;bmp;dlg;rc2;rct;bin;rgs;gif;jpg;jpeg;jpe;resx;tiff;tif;png;wav;mfcribbon-ms</Extensions>
    </Filter>
  </ItemGroup>
  <ItemGroup>
    <Text Include="ReadMe.txt" />
  </ItemGroup>
  <ItemGroup>
    <ClInclude Include="UMLObject1.h">
      <Filter>头文件</Filter>
    </ClInclude>
    <ClInclude Include="stdafx.h">
      <Filter>头文件</Filter>
    </ClInclude>
    <ClInclude Include="targetver.h">
      <Filter>头文件</Filter>
    </ClInclude>
    <ClInclude Include="MainFrm.h">
      <Filter>头文件</Filter>
    </ClInclude>
    <ClInclude Include="UMLObject1Doc.h">
      <Filter>头文件</Filter>
    </ClInclude>
    <ClInclude Include="UMLObject1View.h">
      <Filter>头文件</Filter>
    </ClInclude>
    <ClInclude Include="Resource.h">
      <Filter>头文件</Filter>
    </ClInclude>
    <ClInclude Include="Graph.h">
      <Filter>头文件</Filter>
    </ClInclude>
    <ClInclude Include="ConnectPoint.h">
      <Filter>头文件</Filter>
    </ClInclude>
    <ClInclude Include="GraphManager.h">
      <Filter>头文件</Filter>
    </ClInclude>
    <ClInclude Include="GraphFactory.h">
      <Filter>头文件</Filter>
    </ClInclude>
    <ClInclude Include="Line.h">
      <Filter>头文件</Filter>
    </ClInclude>
    <ClInclude Include="Rectangle.h">
      <Filter>头文件</Filter>
    </ClInclude>
    <ClInclude Include="Ellipse.h">
      <Filter>头文件</Filter>
    </ClInclude>
    <ClInclude Include="Arrowhead.h">
      <Filter>头文件</Filter>
    </ClInclude>
    <ClInclude Include="Package.h">
      <Filter>头文件</Filter>
    </ClInclude>
    <ClInclude Include="ComeTrue.h">
      <Filter>头文件</Filter>
    </ClInclude>
    <ClInclude Include="Rely.h">
      <Filter>头文件</Filter>
    </ClInclude>
    <ClInclude Include="Relate.h">
      <Filter>头文件</Filter>
    </ClInclude>
    <ClInclude Include="JuHe.h">
      <Filter>头文件</Filter>
    </ClInclude>
    <ClInclude Include="Combine.h">
      <Filter>头文件</Filter>
    </ClInclude>
    <ClInclude Include="EditObject.h">
      <Filter>头文件</Filter>
    </ClInclude>
    <ClInclude Include="Feature.h">
      <Filter>头文件</Filter>
    </ClInclude>
    <ClInclude Include="Method.h">
      <Filter>头文件</Filter>
    </ClInclude>
  </ItemGroup>
  <ItemGroup>
    <ClCompile Include="UMLObject1.cpp">
      <Filter>源文件</Filter>
    </ClCompile>
    <ClCompile Include="stdafx.cpp">
      <Filter>源文件</Filter>
    </ClCompile>
    <ClCompile Include="MainFrm.cpp">
      <Filter>源文件</Filter>
    </ClCompile>
    <ClCompile Include="UMLObject1Doc.cpp">
      <Filter>源文件</Filter>
    </ClCompile>
    <ClCompile Include="UMLObject1View.cpp">
      <Filter>源文件</Filter>
    </ClCompile>
    <ClCompile Include="Graph.cpp">
      <Filter>源文件</Filter>
    </ClCompile>
    <ClCompile Include="ConnectPoint.cpp">
      <Filter>源文件</Filter>
    </ClCompile>
    <ClCompile Include="GraphManager.cpp">
      <Filter>源文件</Filter>
    </ClCompile>
    <ClCompile Include="GraphFactory.cpp">
      <Filter>源文件</Filter>
    </ClCompile>
    <ClCompile Include="Line.cpp">
      <Filter>源文件</Filter>
    </ClCompile>
    <ClCompile Include="Rectangle.cpp">
      <Filter>源文件</Filter>
    </ClCompile>
    <ClCompile Include="Ellipse.cpp">
      <Filter>源文件</Filter>
    </ClCompile>
    <ClCompile Include="Arrowhead.cpp">
      <Filter>源文件</Filter>
    </ClCompile>
    <ClCompile Include="Package.cpp">
      <Filter>源文件</Filter>
    </ClCompile>
    <ClCompile Include="ComeTrue.cpp">
      <Filter>源文件</Filter>
    </ClCompile>
    <ClCompile Include="Rely.cpp">
      <Filter>源文件</Filter>
    </ClCompile>
    <ClCompile Include="Relate.cpp">
      <Filter>源文件</Filter>
    </ClCompile>
    <ClCompile Include="JuHe.cpp">
      <Filter>源文件</Filter>
    </ClCompile>
    <ClCompile Include="Combine.cpp">
      <Filter>源文件</Filter>
    </ClCompile>
    <ClCompile Include="EditObject.cpp">
      <Filter>源文件</Filter>
    </ClCompile>
    <ClCompile Include="Feature.cpp">
      <Filter>源文件</Filter>
    </ClCompile>
    <ClCompile Include="Method.cpp">
      <Filter>源文件</Filter>
    </ClCompile>
  </ItemGroup>
  <ItemGroup>
    <ResourceCompile Include="UMLObject1.rc">
      <Filter>资源文件</Filter>
    </ResourceCompile>
  </ItemGroup>
  <ItemGroup>
    <None Include="res\UMLObject1.rc2">
      <Filter>资源文件</Filter>
    </None>
  </ItemGroup>
  <ItemGroup>
    <Image Include="res\UMLObject1Doc.ico">
      <Filter>资源文件</Filter>
    </Image>
    <Image Include="res\UMLObject1.ico">
      <Filter>资源文件</Filter>
    </Image>
    <Image Include="res\Toolbar.bmp">
      <Filter>资源文件</Filter>
    </Image>
  </ItemGroup>
</Project>